{
  "version": 4,
  "terraform_version": "1.0.11",
  "serial": 12,
  "lineage": "bc1a4ecd-2d77-8536-7b79-910cb10d45f2",
  "outputs": {
    "tls_private_key": {
      "value": "-----BEGIN RSA PRIVATE KEY-----\nMIIJKAIBAAKCAgEAwA0upczRcMOccNAXWu096iZkUr8Js9+msL/PHaanVQB0eOdW\n0sz0SDp7PB0ieYeeIypYLmyigVE3odacSxsB3tKlTBWsH0OKlHQzvnc2M998ajaP\n4ZOCoJTvs0zk2d/sAu5FWKFbwFIVSRRhOuOj2sOeLAgmPJDhsYsB897THGXIq4nx\nMv+Jmqzjno3W+rRHdDaBbsOvTpOZSx0F+QpCbW+f4MLW4Bl7pKpk/gwsoX9OlUOK\nzjTkRPc3t/VPP/6UVscO/tvCFjOTv+32PTpa4+4o/fo1j+w4kTcB2gmmFQUqWcCb\nsErafNG+T+MFdvckqSfBFg7JvD9jCa4WzS057oI4CpB2iXv1GHoqLI9XNhBUf5Oe\nBbjhrpUjNC1/uaqQW8CtqD5w2y8TOpWoLZiQ9P7ESIivNVXi9lb5gSaQ01m+5pFv\nZaHIzA4o1sgN6v20hFrIsKI+90Ziy4mCn7CwKUcxwZ8GrGYMnvTUUGBiexHCkDNc\nXVZkmIaUmbFDqrJMTTN4cBRufDoyUoqdhR9qCICepZYRWXxC1uIxihM8AzTKiR88\nUljffIAHplDiIyd0Ql5NWEAULITpPzzyjAbqKyJzAomO/JA6QsEFHMMdP6Vxnvdd\no40bfqYo5cnfmLDKq4LDzH/g2H5cJKeHW2NLUHX5l9L4A267wjmWUIQHwtkCAwEA\nAQKCAgB0wo7ttkxPJl3iKGFKopnV1WmA9SxM81hAdRzShhONli05pEwg9QI/N27c\n6UmgYVc/QetCrkFOJbaQ6g0zjEPi2GYuj66Jg2KpRsx+q7OEbgcR/AIVvrzYLDRe\n6gzoeT7fuUTn0ZIapszSFVXXm7Zutidf1cSJZfwRGNYjEgF/blJGGCNQQhPCugHY\nz5s36IrYmJqwYMAgIZQ9GnQbKKWiKw8kctB4hoWpYv7rhTNNLDz2eo3VOErfsv1p\nFfcMjRZae8MeJzUkkk7tjRr7tpKzqIO7hXcy/QaXIr45dUxH01AgKP1+fMPAxzPR\nFdCotzDOtqCpbGwxysfHhtPOAgUJcUxzB3iJ3OaRwlfaw5akO+/Ux65jmt/0VF0K\nDfyK3ZtghI0AvGmMzFKiZhGhv68qiGl+Jp0Hg1h2KXA42PHYxnxLjs/A88vdJzL5\nL6ZSUQiZJTeFKZbIdX2F7xf+w7Lq/p0uerCy8+V8hjiTltpo19bo5qVX8rRRGsTu\nVfO+72wk33696pOFGN/B/6Gv4AfagxmAPzDZ7TOXLTpxHZWeSD9E0l1Wh8o1NMBT\nVtTezUXrCGILmK9IrBuMvNChUoGbcddIelZcyzFpvvwrDy1Mgg0K2Gro7sPxpSr1\nWL22zLSXj8eCw8+cAy9VRYxX59UwlL7CoPAcDtv3Uo6ghPcpUQKCAQEAxkNzFU1E\nnw9PEQhziQq7kUJeKESafCgvjVthto2emYvkuz+nrw/GphOMgNqXOpxVL4hFQe7i\nr0TRqhZ4jqxf58xyZQW9MI3lN+Ov5cke95Alljsk8xE1aqBLXxQYd3RBByF5ZbQF\nCbPYnl2KHLxpOShL35gNHBGtIX8/8brlVwZWZXevXuSPL5QdnNKow6MyYjfhPtZk\n3i5r6NjF5TPNs8YFE0lIIkL2MruqSw1DYpWu1TkSW3QRw6ORDdVkKBqkj/hZVVH1\nq1tm6iJl6UIHo8aG3bllFDgNLJYYt0I49U/SKx/1otFNQ62Y3dlRsrrZ30mzqzc8\nFsPRYQcRdaPU9wKCAQEA9/qhEVsrlx5jJMI9QYDHlJtxOMA5cp7tYpisIEsmzDQZ\neQuWdd6x9nWtkA+p8S+x4SW219wrEfEryDdxsySdBqRJSRk+VDWTXmCzN0nLvtS2\nD0+EBLwzUr01yQqK2Wmpev47ySweWVZHdSSZZTNLX91QZXW7KorRmQKvY3Zw4p3b\nYobssw/0ajek9cmHDGPzhsuyKo5lokjrxz8gzaN9m1m0iFMaAwAoc437aVDXban3\nSfprMTgja3u/jhfZBxBn/hGIOGIx7pIwXWn8tVwU7gyRwXPrPn3sud8dViKh8kBA\nMTlfYzNfAcKQR5nAQ1TPcpUdmOTAqw6lUovIYArCrwKCAQB9XKLFAmF0bbqh24Uq\nTvYAyEU/EvnXrZU7vV9QjcWN8y3C1GITyFbkJhI+W3kqHzWh43lfUkxVZJ9p++Fo\n3UebCuP+Sp2wuNgJ+db75arGAIgzsNwRMX1kGUzvJoa96W1AtALNswFIfEZpBF5T\nAzNJZ9hp3fvUFr0xJAPrtjBTUXeJmx7xUnXTMMV0pqL9aRBvmEO9dtS6xAGJbp/a\n6GGV3YzSABEzUMHZnF32LMHB8UFmIzsfRooA+Ui7xYUZ8pbBTdg2oadEHXw6aVul\nHRI1lU8rnZFzMmnqGlIwdhgLzNfoWsH3nH5NX9P72vDUoV8n17NafIdrIZAf2NdK\nWjhLAoIBAQCKWdaLLGaBhX6i/4vVg9fV3XOpyfVDMdAXdj5yNfuLanXbxs9HK9v2\nOWmAOn0CBy4jAzuj6z5MYFWg+u4AmKjTD82jbuYLbWiu+xyB+DYoXdzFZgOt8KJh\nwxbC95LIAd+As17/uhGknjJ39NdwUtH2xi8YrDqkXZba21inEWmhxZiku8pLjNc8\ne5cZWjpye0FfLz5T5+ZkSHLjUyEmGdT2W3IRrOuSSQBImCpwc539nRpOt9weNcft\nK7mPuVZoTor2gSmS65YYGI/LTlqjhKBYv8KCP/47e14bxZNEf0YDNj2aOPwzCHI1\nNSvyBqHx7ttefjtpFhc4WI98ImjEzLwZAoIBAFfV4Jd0BR5NIIwV2KXigPogmE0g\nDFUSY1BKP5IXofpmFrfr5BfmvG4fcvaRQlqcJ6ZZObXEBCDWxUKn17V/E7nRhZaH\neVmgJplK2QneN5zzIkEbhbsbZGEPaE622H7FAwNKc9VOxFFCltXjWyVQmBeKSLGH\ncHLn1keysRNEVlXce5zH5Mf5NazAUGVHFJY8hHGpdQpW7F3emJk+vG3b4fQOU+Hz\nx/OtU10/4dsNhvBJzFp4l1aLe+g/8J6PXN00ddgvr3BGdkUpMVhmH5BEw1xtKpvT\nEXHc0kcB/1VhzuS599Am5WhAOUBThaaDv2wWAJNYKthzXqDyaTWhWZ70078=\n-----END RSA PRIVATE KEY-----\n",
      "type": "string",
      "sensitive": true
    }
  },
  "resources": [
    {
      "mode": "managed",
      "type": "azurerm_linux_virtual_machine",
      "name": "myterraformvm",
      "provider": "provider[\"registry.terraform.io/hashicorp/azurerm\"]",
      "instances": [
        {
          "schema_version": 0,
          "attributes": {
            "additional_capabilities": [],
            "admin_password": null,
            "admin_ssh_key": [
              {
                "public_key": "ssh-rsa AAAAB3NzaC1yc2EAAAADAQABAAACAQDADS6lzNFww5xw0Bda7T3qJmRSvwmz36awv88dpqdVAHR451bSzPRIOns8HSJ5h54jKlgubKKBUTeh1pxLGwHe0qVMFawfQ4qUdDO+dzYz33xqNo/hk4KglO+zTOTZ3+wC7kVYoVvAUhVJFGE646Paw54sCCY8kOGxiwHz3tMcZcirifEy/4marOOejdb6tEd0NoFuw69Ok5lLHQX5CkJtb5/gwtbgGXukqmT+DCyhf06VQ4rONORE9ze39U8//pRWxw7+28IWM5O/7fY9Olrj7ij9+jWP7DiRNwHaCaYVBSpZwJuwStp80b5P4wV29ySpJ8EWDsm8P2MJrhbNLTnugjgKkHaJe/UYeiosj1c2EFR/k54FuOGulSM0LX+5qpBbwK2oPnDbLxM6lagtmJD0/sRIiK81VeL2VvmBJpDTWb7mkW9locjMDijWyA3q/bSEWsiwoj73RmLLiYKfsLApRzHBnwasZgye9NRQYGJ7EcKQM1xdVmSYhpSZsUOqskxNM3hwFG58OjJSip2FH2oIgJ6llhFZfELW4jGKEzwDNMqJHzxSWN98gAemUOIjJ3RCXk1YQBQshOk/PPKMBuorInMCiY78kDpCwQUcwx0/pXGe912jjRt+pijlyd+YsMqrgsPMf+DYflwkp4dbY0tQdfmX0vgDbrvCOZZQhAfC2Q==\n",
                "username": "azureuser"
              }
            ],
            "admin_username": "azureuser",
            "allow_extension_operations": true,
            "availability_set_id": "",
            "boot_diagnostics": [
              {
                "storage_account_uri": "https://diaga6bb563b88fba8e9.blob.core.windows.net/"
              }
            ],
            "computer_name": "myvm",
            "custom_data": null,
            "dedicated_host_id": "",
            "disable_password_authentication": true,
            "encryption_at_host_enabled": false,
            "eviction_policy": "",
            "extensions_time_budget": "PT1H30M",
            "id": "/subscriptions/d13a05e4-6c7d-4f4d-b85a-d26adbfb1243/resourceGroups/myResourceGroup/providers/Microsoft.Compute/virtualMachines/myVM",
            "identity": [],
            "license_type": "",
            "location": "eastus",
            "max_bid_price": -1,
            "name": "myVM",
            "network_interface_ids": [
              "/subscriptions/d13a05e4-6c7d-4f4d-b85a-d26adbfb1243/resourceGroups/myResourceGroup/providers/Microsoft.Network/networkInterfaces/myNIC"
            ],
            "os_disk": [
              {
                "caching": "ReadWrite",
                "diff_disk_settings": [],
                "disk_encryption_set_id": "",
                "disk_size_gb": 30,
                "name": "myOsDisk",
                "storage_account_type": "Premium_LRS",
                "write_accelerator_enabled": false
              }
            ],
            "patch_mode": "ImageDefault",
            "plan": [],
            "platform_fault_domain": -1,
            "priority": "Regular",
            "private_ip_address": "10.0.1.4",
            "private_ip_addresses": [
              "10.0.1.4"
            ],
            "provision_vm_agent": true,
            "proximity_placement_group_id": "",
            "public_ip_address": "20.127.102.155",
            "public_ip_addresses": [
              "20.127.102.155"
            ],
            "resource_group_name": "myResourceGroup",
            "secret": [],
            "secure_boot_enabled": false,
            "size": "Standard_DS1_v2",
            "source_image_id": "",
            "source_image_reference": [
              {
                "offer": "UbuntuServer",
                "publisher": "Canonical",
                "sku": "18.04-LTS",
                "version": "latest"
              }
            ],
            "tags": {
              "environment": "Terraform Demo"
            },
            "timeouts": null,
            "virtual_machine_id": "5a88f5f8-4781-4581-a0e2-e63dadb86ec2",
            "virtual_machine_scale_set_id": "",
            "vtpm_enabled": false,
            "zone": ""
          },
          "sensitive_attributes": [],
          "private": "eyJlMmJmYjczMC1lY2FhLTExZTYtOGY4OC0zNDM2M2JjN2M0YzAiOnsiY3JlYXRlIjoyNzAwMDAwMDAwMDAwLCJkZWxldGUiOjI3MDAwMDAwMDAwMDAsInJlYWQiOjMwMDAwMDAwMDAwMCwidXBkYXRlIjoyNzAwMDAwMDAwMDAwfX0=",
          "dependencies": [
            "azurerm_network_interface.myterraformnic",
            "azurerm_public_ip.myterraformpublicip",
            "azurerm_resource_group.myterraformgroup",
            "azurerm_storage_account.mystorageaccount",
            "azurerm_subnet.myterraformsubnet",
            "azurerm_virtual_network.myterraformnetwork",
            "random_id.randomId",
            "tls_private_key.example_ssh"
          ]
        }
      ]
    },
    {
      "mode": "managed",
      "type": "azurerm_network_interface",
      "name": "myterraformnic",
      "provider": "provider[\"registry.terraform.io/hashicorp/azurerm\"]",
      "instances": [
        {
          "schema_version": 0,
          "attributes": {
            "applied_dns_servers": [],
            "dns_servers": [],
            "enable_accelerated_networking": false,
            "enable_ip_forwarding": false,
            "id": "/subscriptions/d13a05e4-6c7d-4f4d-b85a-d26adbfb1243/resourceGroups/myResourceGroup/providers/Microsoft.Network/networkInterfaces/myNIC",
            "internal_dns_name_label": "",
            "internal_domain_name_suffix": "15to0h3mnyvulmerx4xtfmdr5b.bx.internal.cloudapp.net",
            "ip_configuration": [
              {
                "gateway_load_balancer_frontend_ip_configuration_id": "",
                "name": "myNicConfiguration",
                "primary": true,
                "private_ip_address": "10.0.1.4",
                "private_ip_address_allocation": "Dynamic",
                "private_ip_address_version": "IPv4",
                "public_ip_address_id": "/subscriptions/d13a05e4-6c7d-4f4d-b85a-d26adbfb1243/resourceGroups/myResourceGroup/providers/Microsoft.Network/publicIPAddresses/myPublicIP",
                "subnet_id": "/subscriptions/d13a05e4-6c7d-4f4d-b85a-d26adbfb1243/resourceGroups/myResourceGroup/providers/Microsoft.Network/virtualNetworks/myVnet/subnets/mySubnet"
              }
            ],
            "location": "eastus",
            "mac_address": "",
            "name": "myNIC",
            "private_ip_address": "10.0.1.4",
            "private_ip_addresses": [
              "10.0.1.4"
            ],
            "resource_group_name": "myResourceGroup",
            "tags": {
              "environment": "Terraform Demo"
            },
            "timeouts": null,
            "virtual_machine_id": ""
          },
          "sensitive_attributes": [],
          "private": "eyJlMmJmYjczMC1lY2FhLTExZTYtOGY4OC0zNDM2M2JjN2M0YzAiOnsiY3JlYXRlIjoxODAwMDAwMDAwMDAwLCJkZWxldGUiOjE4MDAwMDAwMDAwMDAsInJlYWQiOjMwMDAwMDAwMDAwMCwidXBkYXRlIjoxODAwMDAwMDAwMDAwfX0=",
          "dependencies": [
            "azurerm_public_ip.myterraformpublicip",
            "azurerm_resource_group.myterraformgroup",
            "azurerm_subnet.myterraformsubnet",
            "azurerm_virtual_network.myterraformnetwork"
          ]
        }
      ]
    },
    {
      "mode": "managed",
      "type": "azurerm_network_interface_security_group_association",
      "name": "example",
      "provider": "provider[\"registry.terraform.io/hashicorp/azurerm\"]",
      "instances": [
        {
          "schema_version": 0,
          "attributes": {
            "id": "/subscriptions/d13a05e4-6c7d-4f4d-b85a-d26adbfb1243/resourceGroups/myResourceGroup/providers/Microsoft.Network/networkInterfaces/myNIC|/subscriptions/d13a05e4-6c7d-4f4d-b85a-d26adbfb1243/resourceGroups/myResourceGroup/providers/Microsoft.Network/networkSecurityGroups/myNetworkSecurityGroup",
            "network_interface_id": "/subscriptions/d13a05e4-6c7d-4f4d-b85a-d26adbfb1243/resourceGroups/myResourceGroup/providers/Microsoft.Network/networkInterfaces/myNIC",
            "network_security_group_id": "/subscriptions/d13a05e4-6c7d-4f4d-b85a-d26adbfb1243/resourceGroups/myResourceGroup/providers/Microsoft.Network/networkSecurityGroups/myNetworkSecurityGroup",
            "timeouts": null
          },
          "sensitive_attributes": [],
          "private": "eyJlMmJmYjczMC1lY2FhLTExZTYtOGY4OC0zNDM2M2JjN2M0YzAiOnsiY3JlYXRlIjoxODAwMDAwMDAwMDAwLCJkZWxldGUiOjE4MDAwMDAwMDAwMDAsInJlYWQiOjMwMDAwMDAwMDAwMCwidXBkYXRlIjoxODAwMDAwMDAwMDAwfX0=",
          "dependencies": [
            "azurerm_network_interface.myterraformnic",
            "azurerm_network_security_group.myterraformnsg",
            "azurerm_public_ip.myterraformpublicip",
            "azurerm_resource_group.myterraformgroup",
            "azurerm_subnet.myterraformsubnet",
            "azurerm_virtual_network.myterraformnetwork"
          ]
        }
      ]
    },
    {
      "mode": "managed",
      "type": "azurerm_network_security_group",
      "name": "myterraformnsg",
      "provider": "provider[\"registry.terraform.io/hashicorp/azurerm\"]",
      "instances": [
        {
          "schema_version": 0,
          "attributes": {
            "id": "/subscriptions/d13a05e4-6c7d-4f4d-b85a-d26adbfb1243/resourceGroups/myResourceGroup/providers/Microsoft.Network/networkSecurityGroups/myNetworkSecurityGroup",
            "location": "eastus",
            "name": "myNetworkSecurityGroup",
            "resource_group_name": "myResourceGroup",
            "security_rule": [
              {
                "access": "Allow",
                "description": "",
                "destination_address_prefix": "*",
                "destination_address_prefixes": [],
                "destination_application_security_group_ids": [],
                "destination_port_range": "22",
                "destination_port_ranges": [],
                "direction": "Inbound",
                "name": "SSH",
                "priority": 1001,
                "protocol": "Tcp",
                "source_address_prefix": "*",
                "source_address_prefixes": [],
                "source_application_security_group_ids": [],
                "source_port_range": "*",
                "source_port_ranges": []
              }
            ],
            "tags": {
              "environment": "Terraform Demo"
            },
            "timeouts": null
          },
          "sensitive_attributes": [],
          "private": "eyJlMmJmYjczMC1lY2FhLTExZTYtOGY4OC0zNDM2M2JjN2M0YzAiOnsiY3JlYXRlIjoxODAwMDAwMDAwMDAwLCJkZWxldGUiOjE4MDAwMDAwMDAwMDAsInJlYWQiOjMwMDAwMDAwMDAwMCwidXBkYXRlIjoxODAwMDAwMDAwMDAwfX0=",
          "dependencies": [
            "azurerm_resource_group.myterraformgroup"
          ]
        }
      ]
    },
    {
      "mode": "managed",
      "type": "azurerm_public_ip",
      "name": "myterraformpublicip",
      "provider": "provider[\"registry.terraform.io/hashicorp/azurerm\"]",
      "instances": [
        {
          "schema_version": 0,
          "attributes": {
            "allocation_method": "Dynamic",
            "availability_zone": "No-Zone",
            "domain_name_label": null,
            "fqdn": null,
            "id": "/subscriptions/d13a05e4-6c7d-4f4d-b85a-d26adbfb1243/resourceGroups/myResourceGroup/providers/Microsoft.Network/publicIPAddresses/myPublicIP",
            "idle_timeout_in_minutes": 4,
            "ip_address": "",
            "ip_tags": null,
            "ip_version": "IPv4",
            "location": "eastus",
            "name": "myPublicIP",
            "public_ip_prefix_id": null,
            "resource_group_name": "myResourceGroup",
            "reverse_fqdn": null,
            "sku": "Basic",
            "sku_tier": "Regional",
            "tags": {
              "environment": "Terraform Demo"
            },
            "timeouts": null,
            "zones": []
          },
          "sensitive_attributes": [],
          "private": "eyJlMmJmYjczMC1lY2FhLTExZTYtOGY4OC0zNDM2M2JjN2M0YzAiOnsiY3JlYXRlIjoxODAwMDAwMDAwMDAwLCJkZWxldGUiOjE4MDAwMDAwMDAwMDAsInJlYWQiOjMwMDAwMDAwMDAwMCwidXBkYXRlIjoxODAwMDAwMDAwMDAwfX0=",
          "dependencies": [
            "azurerm_resource_group.myterraformgroup"
          ]
        }
      ]
    },
    {
      "mode": "managed",
      "type": "azurerm_resource_group",
      "name": "myterraformgroup",
      "provider": "provider[\"registry.terraform.io/hashicorp/azurerm\"]",
      "instances": [
        {
          "schema_version": 0,
          "attributes": {
            "id": "/subscriptions/d13a05e4-6c7d-4f4d-b85a-d26adbfb1243/resourceGroups/myResourceGroup",
            "location": "eastus",
            "name": "myResourceGroup",
            "tags": {
              "environment": "Terraform Demo"
            },
            "timeouts": null
          },
          "sensitive_attributes": [],
          "private": "eyJlMmJmYjczMC1lY2FhLTExZTYtOGY4OC0zNDM2M2JjN2M0YzAiOnsiY3JlYXRlIjo1NDAwMDAwMDAwMDAwLCJkZWxldGUiOjU0MDAwMDAwMDAwMDAsInJlYWQiOjMwMDAwMDAwMDAwMCwidXBkYXRlIjo1NDAwMDAwMDAwMDAwfX0="
        }
      ]
    },
    {
      "mode": "managed",
      "type": "azurerm_storage_account",
      "name": "mystorageaccount",
      "provider": "provider[\"registry.terraform.io/hashicorp/azurerm\"]",
      "instances": [
        {
          "schema_version": 2,
          "attributes": {
            "access_tier": "Hot",
            "account_kind": "StorageV2",
            "account_replication_type": "LRS",
            "account_tier": "Standard",
            "allow_blob_public_access": false,
            "azure_files_authentication": [],
            "blob_properties": [
              {
                "change_feed_enabled": false,
                "container_delete_retention_policy": [],
                "cors_rule": [],
                "default_service_version": "",
                "delete_retention_policy": [],
                "last_access_time_enabled": false,
                "versioning_enabled": false
              }
            ],
            "custom_domain": [],
            "enable_https_traffic_only": true,
            "id": "/subscriptions/d13a05e4-6c7d-4f4d-b85a-d26adbfb1243/resourceGroups/myResourceGroup/providers/Microsoft.Storage/storageAccounts/diaga6bb563b88fba8e9",
            "identity": [],
            "is_hns_enabled": false,
            "large_file_share_enabled": null,
            "location": "eastus",
            "min_tls_version": "TLS1_0",
            "name": "diaga6bb563b88fba8e9",
            "network_rules": [
              {
                "bypass": [
                  "AzureServices"
                ],
                "default_action": "Allow",
                "ip_rules": [],
                "private_link_access": [],
                "virtual_network_subnet_ids": []
              }
            ],
            "nfsv3_enabled": false,
            "primary_access_key": "1j6syBRJkWE3Il7uAg/swA6eCkw04pVuniGz5jOC3eVaAHpX+kRzD1w8QBXseMhnhAZ2BT8+KUlJsYEMR7qBnw==",
            "primary_blob_connection_string": "DefaultEndpointsProtocol=https;BlobEndpoint=https://diaga6bb563b88fba8e9.blob.core.windows.net/;AccountName=diaga6bb563b88fba8e9;AccountKey=1j6syBRJkWE3Il7uAg/swA6eCkw04pVuniGz5jOC3eVaAHpX+kRzD1w8QBXseMhnhAZ2BT8+KUlJsYEMR7qBnw==",
            "primary_blob_endpoint": "https://diaga6bb563b88fba8e9.blob.core.windows.net/",
            "primary_blob_host": "diaga6bb563b88fba8e9.blob.core.windows.net",
            "primary_connection_string": "DefaultEndpointsProtocol=https;AccountName=diaga6bb563b88fba8e9;AccountKey=1j6syBRJkWE3Il7uAg/swA6eCkw04pVuniGz5jOC3eVaAHpX+kRzD1w8QBXseMhnhAZ2BT8+KUlJsYEMR7qBnw==;EndpointSuffix=core.windows.net",
            "primary_dfs_endpoint": "https://diaga6bb563b88fba8e9.dfs.core.windows.net/",
            "primary_dfs_host": "diaga6bb563b88fba8e9.dfs.core.windows.net",
            "primary_file_endpoint": "https://diaga6bb563b88fba8e9.file.core.windows.net/",
            "primary_file_host": "diaga6bb563b88fba8e9.file.core.windows.net",
            "primary_location": "eastus",
            "primary_queue_endpoint": "https://diaga6bb563b88fba8e9.queue.core.windows.net/",
            "primary_queue_host": "diaga6bb563b88fba8e9.queue.core.windows.net",
            "primary_table_endpoint": "https://diaga6bb563b88fba8e9.table.core.windows.net/",
            "primary_table_host": "diaga6bb563b88fba8e9.table.core.windows.net",
            "primary_web_endpoint": "https://diaga6bb563b88fba8e9.z13.web.core.windows.net/",
            "primary_web_host": "diaga6bb563b88fba8e9.z13.web.core.windows.net",
            "queue_encryption_key_type": "Service",
            "queue_properties": [
              {
                "cors_rule": [],
                "hour_metrics": [
                  {
                    "enabled": true,
                    "include_apis": true,
                    "retention_policy_days": 7,
                    "version": "1.0"
                  }
                ],
                "logging": [
                  {
                    "delete": false,
                    "read": false,
                    "retention_policy_days": 0,
                    "version": "1.0",
                    "write": false
                  }
                ],
                "minute_metrics": [
                  {
                    "enabled": false,
                    "include_apis": false,
                    "retention_policy_days": 0,
                    "version": "1.0"
                  }
                ]
              }
            ],
            "resource_group_name": "myResourceGroup",
            "routing": [],
            "secondary_access_key": "0t8L1qiRm04K3S9pMuA6fUNW2bWeyVL+QYGllcJYNa2KImf6e5pUhNcSGPP6PfdsV6Stf0BdEmqvaqFDgrl4TA==",
            "secondary_blob_connection_string": "",
            "secondary_blob_endpoint": null,
            "secondary_blob_host": null,
            "secondary_connection_string": "DefaultEndpointsProtocol=https;AccountName=diaga6bb563b88fba8e9;AccountKey=0t8L1qiRm04K3S9pMuA6fUNW2bWeyVL+QYGllcJYNa2KImf6e5pUhNcSGPP6PfdsV6Stf0BdEmqvaqFDgrl4TA==;EndpointSuffix=core.windows.net",
            "secondary_dfs_endpoint": null,
            "secondary_dfs_host": null,
            "secondary_file_endpoint": null,
            "secondary_file_host": null,
            "secondary_location": "",
            "secondary_queue_endpoint": null,
            "secondary_queue_host": null,
            "secondary_table_endpoint": null,
            "secondary_table_host": null,
            "secondary_web_endpoint": null,
            "secondary_web_host": null,
            "share_properties": [
              {
                "cors_rule": [],
                "retention_policy": [
                  {
                    "days": 7
                  }
                ],
                "smb": []
              }
            ],
            "shared_access_key_enabled": true,
            "static_website": [],
            "table_encryption_key_type": "Service",
            "tags": {
              "environment": "Terraform Demo"
            },
            "timeouts": null
          },
          "sensitive_attributes": [],
          "private": "eyJlMmJmYjczMC1lY2FhLTExZTYtOGY4OC0zNDM2M2JjN2M0YzAiOnsiY3JlYXRlIjozNjAwMDAwMDAwMDAwLCJkZWxldGUiOjM2MDAwMDAwMDAwMDAsInJlYWQiOjMwMDAwMDAwMDAwMCwidXBkYXRlIjozNjAwMDAwMDAwMDAwfSwic2NoZW1hX3ZlcnNpb24iOiIyIn0=",
          "dependencies": [
            "azurerm_resource_group.myterraformgroup",
            "random_id.randomId"
          ]
        }
      ]
    },
    {
      "mode": "managed",
      "type": "azurerm_subnet",
      "name": "myterraformsubnet",
      "provider": "provider[\"registry.terraform.io/hashicorp/azurerm\"]",
      "instances": [
        {
          "schema_version": 0,
          "attributes": {
            "address_prefix": "10.0.1.0/24",
            "address_prefixes": [
              "10.0.1.0/24"
            ],
            "delegation": [],
            "enforce_private_link_endpoint_network_policies": false,
            "enforce_private_link_service_network_policies": false,
            "id": "/subscriptions/d13a05e4-6c7d-4f4d-b85a-d26adbfb1243/resourceGroups/myResourceGroup/providers/Microsoft.Network/virtualNetworks/myVnet/subnets/mySubnet",
            "name": "mySubnet",
            "resource_group_name": "myResourceGroup",
            "service_endpoint_policy_ids": null,
            "service_endpoints": null,
            "timeouts": null,
            "virtual_network_name": "myVnet"
          },
          "sensitive_attributes": [],
          "private": "eyJlMmJmYjczMC1lY2FhLTExZTYtOGY4OC0zNDM2M2JjN2M0YzAiOnsiY3JlYXRlIjoxODAwMDAwMDAwMDAwLCJkZWxldGUiOjE4MDAwMDAwMDAwMDAsInJlYWQiOjMwMDAwMDAwMDAwMCwidXBkYXRlIjoxODAwMDAwMDAwMDAwfX0=",
          "dependencies": [
            "azurerm_resource_group.myterraformgroup",
            "azurerm_virtual_network.myterraformnetwork"
          ]
        }
      ]
    },
    {
      "mode": "managed",
      "type": "azurerm_virtual_network",
      "name": "myterraformnetwork",
      "provider": "provider[\"registry.terraform.io/hashicorp/azurerm\"]",
      "instances": [
        {
          "schema_version": 0,
          "attributes": {
            "address_space": [
              "10.0.0.0/16"
            ],
            "bgp_community": "",
            "ddos_protection_plan": [],
            "dns_servers": [],
            "flow_timeout_in_minutes": 0,
            "guid": "1fede6df-6eac-452b-b091-bfaf32b071f9",
            "id": "/subscriptions/d13a05e4-6c7d-4f4d-b85a-d26adbfb1243/resourceGroups/myResourceGroup/providers/Microsoft.Network/virtualNetworks/myVnet",
            "location": "eastus",
            "name": "myVnet",
            "resource_group_name": "myResourceGroup",
            "subnet": [],
            "tags": {
              "environment": "Terraform Demo"
            },
            "timeouts": null,
            "vm_protection_enabled": false
          },
          "sensitive_attributes": [],
          "private": "eyJlMmJmYjczMC1lY2FhLTExZTYtOGY4OC0zNDM2M2JjN2M0YzAiOnsiY3JlYXRlIjoxODAwMDAwMDAwMDAwLCJkZWxldGUiOjE4MDAwMDAwMDAwMDAsInJlYWQiOjMwMDAwMDAwMDAwMCwidXBkYXRlIjoxODAwMDAwMDAwMDAwfX0=",
          "dependencies": [
            "azurerm_resource_group.myterraformgroup"
          ]
        }
      ]
    },
    {
      "mode": "managed",
      "type": "random_id",
      "name": "randomId",
      "provider": "provider[\"registry.terraform.io/hashicorp/random\"]",
      "instances": [
        {
          "schema_version": 0,
          "attributes": {
            "b64_std": "prtWO4j7qOk=",
            "b64_url": "prtWO4j7qOk",
            "byte_length": 8,
            "dec": "12014291244642183401",
            "hex": "a6bb563b88fba8e9",
            "id": "prtWO4j7qOk",
            "keepers": {
              "resource_group": "myResourceGroup"
            },
            "prefix": null
          },
          "sensitive_attributes": [],
          "private": "bnVsbA==",
          "dependencies": [
            "azurerm_resource_group.myterraformgroup"
          ]
        }
      ]
    },
    {
      "mode": "managed",
      "type": "tls_private_key",
      "name": "example_ssh",
      "provider": "provider[\"registry.terraform.io/hashicorp/tls\"]",
      "instances": [
        {
          "schema_version": 0,
          "attributes": {
            "algorithm": "RSA",
            "ecdsa_curve": "P224",
            "id": "615e95a4536535fccdda95f553e394400fc1c8ba",
            "private_key_pem": "-----BEGIN RSA PRIVATE KEY-----\nMIIJKAIBAAKCAgEAwA0upczRcMOccNAXWu096iZkUr8Js9+msL/PHaanVQB0eOdW\n0sz0SDp7PB0ieYeeIypYLmyigVE3odacSxsB3tKlTBWsH0OKlHQzvnc2M998ajaP\n4ZOCoJTvs0zk2d/sAu5FWKFbwFIVSRRhOuOj2sOeLAgmPJDhsYsB897THGXIq4nx\nMv+Jmqzjno3W+rRHdDaBbsOvTpOZSx0F+QpCbW+f4MLW4Bl7pKpk/gwsoX9OlUOK\nzjTkRPc3t/VPP/6UVscO/tvCFjOTv+32PTpa4+4o/fo1j+w4kTcB2gmmFQUqWcCb\nsErafNG+T+MFdvckqSfBFg7JvD9jCa4WzS057oI4CpB2iXv1GHoqLI9XNhBUf5Oe\nBbjhrpUjNC1/uaqQW8CtqD5w2y8TOpWoLZiQ9P7ESIivNVXi9lb5gSaQ01m+5pFv\nZaHIzA4o1sgN6v20hFrIsKI+90Ziy4mCn7CwKUcxwZ8GrGYMnvTUUGBiexHCkDNc\nXVZkmIaUmbFDqrJMTTN4cBRufDoyUoqdhR9qCICepZYRWXxC1uIxihM8AzTKiR88\nUljffIAHplDiIyd0Ql5NWEAULITpPzzyjAbqKyJzAomO/JA6QsEFHMMdP6Vxnvdd\no40bfqYo5cnfmLDKq4LDzH/g2H5cJKeHW2NLUHX5l9L4A267wjmWUIQHwtkCAwEA\nAQKCAgB0wo7ttkxPJl3iKGFKopnV1WmA9SxM81hAdRzShhONli05pEwg9QI/N27c\n6UmgYVc/QetCrkFOJbaQ6g0zjEPi2GYuj66Jg2KpRsx+q7OEbgcR/AIVvrzYLDRe\n6gzoeT7fuUTn0ZIapszSFVXXm7Zutidf1cSJZfwRGNYjEgF/blJGGCNQQhPCugHY\nz5s36IrYmJqwYMAgIZQ9GnQbKKWiKw8kctB4hoWpYv7rhTNNLDz2eo3VOErfsv1p\nFfcMjRZae8MeJzUkkk7tjRr7tpKzqIO7hXcy/QaXIr45dUxH01AgKP1+fMPAxzPR\nFdCotzDOtqCpbGwxysfHhtPOAgUJcUxzB3iJ3OaRwlfaw5akO+/Ux65jmt/0VF0K\nDfyK3ZtghI0AvGmMzFKiZhGhv68qiGl+Jp0Hg1h2KXA42PHYxnxLjs/A88vdJzL5\nL6ZSUQiZJTeFKZbIdX2F7xf+w7Lq/p0uerCy8+V8hjiTltpo19bo5qVX8rRRGsTu\nVfO+72wk33696pOFGN/B/6Gv4AfagxmAPzDZ7TOXLTpxHZWeSD9E0l1Wh8o1NMBT\nVtTezUXrCGILmK9IrBuMvNChUoGbcddIelZcyzFpvvwrDy1Mgg0K2Gro7sPxpSr1\nWL22zLSXj8eCw8+cAy9VRYxX59UwlL7CoPAcDtv3Uo6ghPcpUQKCAQEAxkNzFU1E\nnw9PEQhziQq7kUJeKESafCgvjVthto2emYvkuz+nrw/GphOMgNqXOpxVL4hFQe7i\nr0TRqhZ4jqxf58xyZQW9MI3lN+Ov5cke95Alljsk8xE1aqBLXxQYd3RBByF5ZbQF\nCbPYnl2KHLxpOShL35gNHBGtIX8/8brlVwZWZXevXuSPL5QdnNKow6MyYjfhPtZk\n3i5r6NjF5TPNs8YFE0lIIkL2MruqSw1DYpWu1TkSW3QRw6ORDdVkKBqkj/hZVVH1\nq1tm6iJl6UIHo8aG3bllFDgNLJYYt0I49U/SKx/1otFNQ62Y3dlRsrrZ30mzqzc8\nFsPRYQcRdaPU9wKCAQEA9/qhEVsrlx5jJMI9QYDHlJtxOMA5cp7tYpisIEsmzDQZ\neQuWdd6x9nWtkA+p8S+x4SW219wrEfEryDdxsySdBqRJSRk+VDWTXmCzN0nLvtS2\nD0+EBLwzUr01yQqK2Wmpev47ySweWVZHdSSZZTNLX91QZXW7KorRmQKvY3Zw4p3b\nYobssw/0ajek9cmHDGPzhsuyKo5lokjrxz8gzaN9m1m0iFMaAwAoc437aVDXban3\nSfprMTgja3u/jhfZBxBn/hGIOGIx7pIwXWn8tVwU7gyRwXPrPn3sud8dViKh8kBA\nMTlfYzNfAcKQR5nAQ1TPcpUdmOTAqw6lUovIYArCrwKCAQB9XKLFAmF0bbqh24Uq\nTvYAyEU/EvnXrZU7vV9QjcWN8y3C1GITyFbkJhI+W3kqHzWh43lfUkxVZJ9p++Fo\n3UebCuP+Sp2wuNgJ+db75arGAIgzsNwRMX1kGUzvJoa96W1AtALNswFIfEZpBF5T\nAzNJZ9hp3fvUFr0xJAPrtjBTUXeJmx7xUnXTMMV0pqL9aRBvmEO9dtS6xAGJbp/a\n6GGV3YzSABEzUMHZnF32LMHB8UFmIzsfRooA+Ui7xYUZ8pbBTdg2oadEHXw6aVul\nHRI1lU8rnZFzMmnqGlIwdhgLzNfoWsH3nH5NX9P72vDUoV8n17NafIdrIZAf2NdK\nWjhLAoIBAQCKWdaLLGaBhX6i/4vVg9fV3XOpyfVDMdAXdj5yNfuLanXbxs9HK9v2\nOWmAOn0CBy4jAzuj6z5MYFWg+u4AmKjTD82jbuYLbWiu+xyB+DYoXdzFZgOt8KJh\nwxbC95LIAd+As17/uhGknjJ39NdwUtH2xi8YrDqkXZba21inEWmhxZiku8pLjNc8\ne5cZWjpye0FfLz5T5+ZkSHLjUyEmGdT2W3IRrOuSSQBImCpwc539nRpOt9weNcft\nK7mPuVZoTor2gSmS65YYGI/LTlqjhKBYv8KCP/47e14bxZNEf0YDNj2aOPwzCHI1\nNSvyBqHx7ttefjtpFhc4WI98ImjEzLwZAoIBAFfV4Jd0BR5NIIwV2KXigPogmE0g\nDFUSY1BKP5IXofpmFrfr5BfmvG4fcvaRQlqcJ6ZZObXEBCDWxUKn17V/E7nRhZaH\neVmgJplK2QneN5zzIkEbhbsbZGEPaE622H7FAwNKc9VOxFFCltXjWyVQmBeKSLGH\ncHLn1keysRNEVlXce5zH5Mf5NazAUGVHFJY8hHGpdQpW7F3emJk+vG3b4fQOU+Hz\nx/OtU10/4dsNhvBJzFp4l1aLe+g/8J6PXN00ddgvr3BGdkUpMVhmH5BEw1xtKpvT\nEXHc0kcB/1VhzuS599Am5WhAOUBThaaDv2wWAJNYKthzXqDyaTWhWZ70078=\n-----END RSA PRIVATE KEY-----\n",
            "public_key_fingerprint_md5": "99:bb:4b:10:6c:5d:57:02:9e:09:b2:7c:ee:73:37:10",
            "public_key_openssh": "ssh-rsa AAAAB3NzaC1yc2EAAAADAQABAAACAQDADS6lzNFww5xw0Bda7T3qJmRSvwmz36awv88dpqdVAHR451bSzPRIOns8HSJ5h54jKlgubKKBUTeh1pxLGwHe0qVMFawfQ4qUdDO+dzYz33xqNo/hk4KglO+zTOTZ3+wC7kVYoVvAUhVJFGE646Paw54sCCY8kOGxiwHz3tMcZcirifEy/4marOOejdb6tEd0NoFuw69Ok5lLHQX5CkJtb5/gwtbgGXukqmT+DCyhf06VQ4rONORE9ze39U8//pRWxw7+28IWM5O/7fY9Olrj7ij9+jWP7DiRNwHaCaYVBSpZwJuwStp80b5P4wV29ySpJ8EWDsm8P2MJrhbNLTnugjgKkHaJe/UYeiosj1c2EFR/k54FuOGulSM0LX+5qpBbwK2oPnDbLxM6lagtmJD0/sRIiK81VeL2VvmBJpDTWb7mkW9locjMDijWyA3q/bSEWsiwoj73RmLLiYKfsLApRzHBnwasZgye9NRQYGJ7EcKQM1xdVmSYhpSZsUOqskxNM3hwFG58OjJSip2FH2oIgJ6llhFZfELW4jGKEzwDNMqJHzxSWN98gAemUOIjJ3RCXk1YQBQshOk/PPKMBuorInMCiY78kDpCwQUcwx0/pXGe912jjRt+pijlyd+YsMqrgsPMf+DYflwkp4dbY0tQdfmX0vgDbrvCOZZQhAfC2Q==\n",
            "public_key_pem": "-----BEGIN PUBLIC KEY-----\nMIICIjANBgkqhkiG9w0BAQEFAAOCAg8AMIICCgKCAgEAwA0upczRcMOccNAXWu09\n6iZkUr8Js9+msL/PHaanVQB0eOdW0sz0SDp7PB0ieYeeIypYLmyigVE3odacSxsB\n3tKlTBWsH0OKlHQzvnc2M998ajaP4ZOCoJTvs0zk2d/sAu5FWKFbwFIVSRRhOuOj\n2sOeLAgmPJDhsYsB897THGXIq4nxMv+Jmqzjno3W+rRHdDaBbsOvTpOZSx0F+QpC\nbW+f4MLW4Bl7pKpk/gwsoX9OlUOKzjTkRPc3t/VPP/6UVscO/tvCFjOTv+32PTpa\n4+4o/fo1j+w4kTcB2gmmFQUqWcCbsErafNG+T+MFdvckqSfBFg7JvD9jCa4WzS05\n7oI4CpB2iXv1GHoqLI9XNhBUf5OeBbjhrpUjNC1/uaqQW8CtqD5w2y8TOpWoLZiQ\n9P7ESIivNVXi9lb5gSaQ01m+5pFvZaHIzA4o1sgN6v20hFrIsKI+90Ziy4mCn7Cw\nKUcxwZ8GrGYMnvTUUGBiexHCkDNcXVZkmIaUmbFDqrJMTTN4cBRufDoyUoqdhR9q\nCICepZYRWXxC1uIxihM8AzTKiR88UljffIAHplDiIyd0Ql5NWEAULITpPzzyjAbq\nKyJzAomO/JA6QsEFHMMdP6Vxnvddo40bfqYo5cnfmLDKq4LDzH/g2H5cJKeHW2NL\nUHX5l9L4A267wjmWUIQHwtkCAwEAAQ==\n-----END PUBLIC KEY-----\n",
            "rsa_bits": 4096
          },
          "sensitive_attributes": [],
          "private": "bnVsbA=="
        }
      ]
    }
  ]
}
